
Microsoft Visual Studio Solution File, Format Version 12.00
# Visual Studio Version 16
VisualStudioVersion = 16.0.30907.101
MinimumVisualStudioVersion = 10.0.40219.1
Project("{9A19103F-16F7-4668-BE54-9A1E7A4F7556}") = "Quokka.RTL", "Quokka.RTL\Quokka.RTL.csproj", "{5D71F725-46D6-4516-8277-C21F1A2C27BD}"
EndProject
Project("{9A19103F-16F7-4668-BE54-9A1E7A4F7556}") = "Quokka.RTL.SourceGenerators", "Quokka.RTL.SourceGenerators\Quokka.RTL.SourceGenerators.csproj", "{FAA85274-2E17-4F6B-BAE5-96F84DE4DEF2}"
EndProject
Project("{9A19103F-16F7-4668-BE54-9A1E7A4F7556}") = "Quokka.RTL.Tests", "Quokka.RTL.Tests\Quokka.RTL.Tests.csproj", "{05617F30-4709-4BC8-A9ED-F471EBAD4D97}"
EndProject
Project("{9A19103F-16F7-4668-BE54-9A1E7A4F7556}") = "rollout", "Rollout\rollout.csproj", "{EB3ED7E9-7A39-459F-BE1D-C72DCE3B547C}"
EndProject
Project("{2150E333-8FDC-42A3-9474-1A3956D46DE8}") = "Solution Items", "Solution Items", "{B35E21DE-A342-48B1-88D1-A2160183B92C}"
	ProjectSection(SolutionItems) = preProject
		.editorconfig = .editorconfig
	EndProjectSection
EndProject
Global
	GlobalSection(SolutionConfigurationPlatforms) = preSolution
		Debug|Any CPU = Debug|Any CPU
		Release|Any CPU = Release|Any CPU
	EndGlobalSection
	GlobalSection(ProjectConfigurationPlatforms) = postSolution
		{5D71F725-46D6-4516-8277-C21F1A2C27BD}.Debug|Any CPU.ActiveCfg = Debug|Any CPU
		{5D71F725-46D6-4516-8277-C21F1A2C27BD}.Debug|Any CPU.Build.0 = Debug|Any CPU
		{5D71F725-46D6-4516-8277-C21F1A2C27BD}.Release|Any CPU.ActiveCfg = Release|Any CPU
		{5D71F725-46D6-4516-8277-C21F1A2C27BD}.Release|Any CPU.Build.0 = Release|Any CPU
		{FAA85274-2E17-4F6B-BAE5-96F84DE4DEF2}.Debug|Any CPU.ActiveCfg = Debug|Any CPU
		{FAA85274-2E17-4F6B-BAE5-96F84DE4DEF2}.Debug|Any CPU.Build.0 = Debug|Any CPU
		{FAA85274-2E17-4F6B-BAE5-96F84DE4DEF2}.Release|Any CPU.ActiveCfg = Release|Any CPU
		{FAA85274-2E17-4F6B-BAE5-96F84DE4DEF2}.Release|Any CPU.Build.0 = Release|Any CPU
		{05617F30-4709-4BC8-A9ED-F471EBAD4D97}.Debug|Any CPU.ActiveCfg = Debug|Any CPU
		{05617F30-4709-4BC8-A9ED-F471EBAD4D97}.Debug|Any CPU.Build.0 = Debug|Any CPU
		{05617F30-4709-4BC8-A9ED-F471EBAD4D97}.Release|Any CPU.ActiveCfg = Release|Any CPU
		{05617F30-4709-4BC8-A9ED-F471EBAD4D97}.Release|Any CPU.Build.0 = Release|Any CPU
		{EB3ED7E9-7A39-459F-BE1D-C72DCE3B547C}.Debug|Any CPU.ActiveCfg = Debug|Any CPU
		{EB3ED7E9-7A39-459F-BE1D-C72DCE3B547C}.Debug|Any CPU.Build.0 = Debug|Any CPU
		{EB3ED7E9-7A39-459F-BE1D-C72DCE3B547C}.Release|Any CPU.ActiveCfg = Release|Any CPU
		{EB3ED7E9-7A39-459F-BE1D-C72DCE3B547C}.Release|Any CPU.Build.0 = Release|Any CPU
	EndGlobalSection
	GlobalSection(SolutionProperties) = preSolution
		HideSolutionNode = FALSE
	EndGlobalSection
	GlobalSection(ExtensibilityGlobals) = postSolution
		SolutionGuid = {BCD1D647-1B09-4E7E-A92E-87AEE1E4D03B}
	EndGlobalSection
EndGlobal
